// !$*UTF8*$!
{
	archiveVersion = 1;
	classes = {
	};
	objectVersion = 51;
	objects = {

/* Begin PBXBuildFile section */
		4F127DFEE8AEE872416F0C68 /* Pods_SocialLoginTestTests.framework in Frameworks */ = {isa = PBXBuildFile; fileRef = A73FB15FAFED7A76E21FD660 /* Pods_SocialLoginTestTests.framework */; };
		6649C7C0271C526D0067DCC5 /* AppDelegate.swift in Sources */ = {isa = PBXBuildFile; fileRef = 6649C7BF271C526D0067DCC5 /* AppDelegate.swift */; };
		6649C7C2271C526D0067DCC5 /* SceneDelegate.swift in Sources */ = {isa = PBXBuildFile; fileRef = 6649C7C1271C526D0067DCC5 /* SceneDelegate.swift */; };
		6649C7C7271C526D0067DCC5 /* Main.storyboard in Resources */ = {isa = PBXBuildFile; fileRef = 6649C7C5271C526D0067DCC5 /* Main.storyboard */; };
		6649C7CA271C526D0067DCC5 /* SocialLoginTest.xcdatamodeld in Sources */ = {isa = PBXBuildFile; fileRef = 6649C7C8271C526D0067DCC5 /* SocialLoginTest.xcdatamodeld */; };
		6649C7CC271C52770067DCC5 /* Assets.xcassets in Resources */ = {isa = PBXBuildFile; fileRef = 6649C7CB271C52770067DCC5 /* Assets.xcassets */; };
		6649C7CF271C52770067DCC5 /* LaunchScreen.storyboard in Resources */ = {isa = PBXBuildFile; fileRef = 6649C7CD271C52770067DCC5 /* LaunchScreen.storyboard */; };
		6649C7DA271C52770067DCC5 /* SocialLoginTestTests.swift in Sources */ = {isa = PBXBuildFile; fileRef = 6649C7D9271C52770067DCC5 /* SocialLoginTestTests.swift */; };
		6649C7E5271C52770067DCC5 /* SocialLoginTestUITests.swift in Sources */ = {isa = PBXBuildFile; fileRef = 6649C7E4271C52770067DCC5 /* SocialLoginTestUITests.swift */; };
		6649C800271C52C10067DCC5 /* MyViewController.swift in Sources */ = {isa = PBXBuildFile; fileRef = 6649C7FF271C52C10067DCC5 /* MyViewController.swift */; };
		6649C80B271D97820067DCC5 /* EmailLoginViewController.swift in Sources */ = {isa = PBXBuildFile; fileRef = 6649C80A271D97820067DCC5 /* EmailLoginViewController.swift */; };
		6649C810271D978F0067DCC5 /* LoginSelectViewController.swift in Sources */ = {isa = PBXBuildFile; fileRef = 6649C80F271D978F0067DCC5 /* LoginSelectViewController.swift */; };
		6649C819271D9A7D0067DCC5 /* UIColor.swift in Sources */ = {isa = PBXBuildFile; fileRef = 6649C818271D9A7D0067DCC5 /* UIColor.swift */; };
		6649C82D271F11780067DCC5 /* LoginService.swift in Sources */ = {isa = PBXBuildFile; fileRef = 6649C82C271F11780067DCC5 /* LoginService.swift */; };
		6649C838272052970067DCC5 /* GoogleService-Info.plist in Resources */ = {isa = PBXBuildFile; fileRef = 6649C837272052970067DCC5 /* GoogleService-Info.plist */; };
		66F03AA02721A46F00FC902E /* UserService.swift in Sources */ = {isa = PBXBuildFile; fileRef = 66F03A9F2721A46F00FC902E /* UserService.swift */; };
		ABC7272327B242008D1E7B90 /* Pods_SocialLoginTest.framework in Frameworks */ = {isa = PBXBuildFile; fileRef = 4D704D71B5C0ED000BF5099C /* Pods_SocialLoginTest.framework */; };
		C1876D1DC2A61BE374B48F1D /* Pods_SocialLoginTest_SocialLoginTestUITests.framework in Frameworks */ = {isa = PBXBuildFile; fileRef = E8D85861344F84EB3B12EFCD /* Pods_SocialLoginTest_SocialLoginTestUITests.framework */; };
/* End PBXBuildFile section */

/* Begin PBXContainerItemProxy section */
		6649C7D6271C52770067DCC5 /* PBXContainerItemProxy */ = {
			isa = PBXContainerItemProxy;
			containerPortal = 6649C7B4271C526D0067DCC5 /* Project object */;
			proxyType = 1;
			remoteGlobalIDString = 6649C7BB271C526D0067DCC5;
			remoteInfo = SocialLoginTest;
		};
		6649C7E1271C52770067DCC5 /* PBXContainerItemProxy */ = {
			isa = PBXContainerItemProxy;
			containerPortal = 6649C7B4271C526D0067DCC5 /* Project object */;
			proxyType = 1;
			remoteGlobalIDString = 6649C7BB271C526D0067DCC5;
			remoteInfo = SocialLoginTest;
		};
/* End PBXContainerItemProxy section */

/* Begin PBXFileReference section */
		4D704D71B5C0ED000BF5099C /* Pods_SocialLoginTest.framework */ = {isa = PBXFileReference; explicitFileType = wrapper.framework; includeInIndex = 0; path = Pods_SocialLoginTest.framework; sourceTree = BUILT_PRODUCTS_DIR; };
		6649C7BC271C526D0067DCC5 /* SocialLoginTest.app */ = {isa = PBXFileReference; explicitFileType = wrapper.application; includeInIndex = 0; path = SocialLoginTest.app; sourceTree = BUILT_PRODUCTS_DIR; };
		6649C7BF271C526D0067DCC5 /* AppDelegate.swift */ = {isa = PBXFileReference; lastKnownFileType = sourcecode.swift; path = AppDelegate.swift; sourceTree = "<group>"; };
		6649C7C1271C526D0067DCC5 /* SceneDelegate.swift */ = {isa = PBXFileReference; lastKnownFileType = sourcecode.swift; path = SceneDelegate.swift; sourceTree = "<group>"; };
		6649C7C6271C526D0067DCC5 /* Base */ = {isa = PBXFileReference; lastKnownFileType = file.storyboard; name = Base; path = Base.lproj/Main.storyboard; sourceTree = "<group>"; };
		6649C7C9271C526D0067DCC5 /* SocialLoginTest.xcdatamodel */ = {isa = PBXFileReference; lastKnownFileType = wrapper.xcdatamodel; path = SocialLoginTest.xcdatamodel; sourceTree = "<group>"; };
		6649C7CB271C52770067DCC5 /* Assets.xcassets */ = {isa = PBXFileReference; lastKnownFileType = folder.assetcatalog; path = Assets.xcassets; sourceTree = "<group>"; };
		6649C7CE271C52770067DCC5 /* Base */ = {isa = PBXFileReference; lastKnownFileType = file.storyboard; name = Base; path = Base.lproj/LaunchScreen.storyboard; sourceTree = "<group>"; };
		6649C7D0271C52770067DCC5 /* Info.plist */ = {isa = PBXFileReference; lastKnownFileType = text.plist.xml; path = Info.plist; sourceTree = "<group>"; };
		6649C7D5271C52770067DCC5 /* SocialLoginTestTests.xctest */ = {isa = PBXFileReference; explicitFileType = wrapper.cfbundle; includeInIndex = 0; path = SocialLoginTestTests.xctest; sourceTree = BUILT_PRODUCTS_DIR; };
		6649C7D9271C52770067DCC5 /* SocialLoginTestTests.swift */ = {isa = PBXFileReference; lastKnownFileType = sourcecode.swift; path = SocialLoginTestTests.swift; sourceTree = "<group>"; };
		6649C7DB271C52770067DCC5 /* Info.plist */ = {isa = PBXFileReference; lastKnownFileType = text.plist.xml; path = Info.plist; sourceTree = "<group>"; };
		6649C7E0271C52770067DCC5 /* SocialLoginTestUITests.xctest */ = {isa = PBXFileReference; explicitFileType = wrapper.cfbundle; includeInIndex = 0; path = SocialLoginTestUITests.xctest; sourceTree = BUILT_PRODUCTS_DIR; };
		6649C7E4271C52770067DCC5 /* SocialLoginTestUITests.swift */ = {isa = PBXFileReference; lastKnownFileType = sourcecode.swift; path = SocialLoginTestUITests.swift; sourceTree = "<group>"; };
		6649C7E6271C52770067DCC5 /* Info.plist */ = {isa = PBXFileReference; lastKnownFileType = text.plist.xml; path = Info.plist; sourceTree = "<group>"; };
		6649C7FF271C52C10067DCC5 /* MyViewController.swift */ = {isa = PBXFileReference; lastKnownFileType = sourcecode.swift; path = MyViewController.swift; sourceTree = "<group>"; };
		6649C80A271D97820067DCC5 /* EmailLoginViewController.swift */ = {isa = PBXFileReference; lastKnownFileType = sourcecode.swift; path = EmailLoginViewController.swift; sourceTree = "<group>"; };
		6649C80F271D978F0067DCC5 /* LoginSelectViewController.swift */ = {isa = PBXFileReference; lastKnownFileType = sourcecode.swift; path = LoginSelectViewController.swift; sourceTree = "<group>"; };
		6649C818271D9A7D0067DCC5 /* UIColor.swift */ = {isa = PBXFileReference; lastKnownFileType = sourcecode.swift; path = UIColor.swift; sourceTree = "<group>"; };
		6649C82C271F11780067DCC5 /* LoginService.swift */ = {isa = PBXFileReference; lastKnownFileType = sourcecode.swift; path = LoginService.swift; sourceTree = "<group>"; };
		6649C837272052970067DCC5 /* GoogleService-Info.plist */ = {isa = PBXFileReference; fileEncoding = 4; lastKnownFileType = text.plist.xml; name = "GoogleService-Info.plist"; path = "../../../../Downloads/무제 폴더/GoogleService-Info.plist"; sourceTree = "<group>"; };
		66F03A9F2721A46F00FC902E /* UserService.swift */ = {isa = PBXFileReference; lastKnownFileType = sourcecode.swift; path = UserService.swift; sourceTree = "<group>"; };
		70003AE6C2F4F3AA1662A48E /* Pods-SocialLoginTest.release.xcconfig */ = {isa = PBXFileReference; includeInIndex = 1; lastKnownFileType = text.xcconfig; name = "Pods-SocialLoginTest.release.xcconfig"; path = "Target Support Files/Pods-SocialLoginTest/Pods-SocialLoginTest.release.xcconfig"; sourceTree = "<group>"; };
		80E41D4929003358ED4AEDC6 /* Pods-SocialLoginTest.debug.xcconfig */ = {isa = PBXFileReference; includeInIndex = 1; lastKnownFileType = text.xcconfig; name = "Pods-SocialLoginTest.debug.xcconfig"; path = "Target Support Files/Pods-SocialLoginTest/Pods-SocialLoginTest.debug.xcconfig"; sourceTree = "<group>"; };
		8C8784840F278A68D34D8802 /* Pods-SocialLoginTest-SocialLoginTestUITests.release.xcconfig */ = {isa = PBXFileReference; includeInIndex = 1; lastKnownFileType = text.xcconfig; name = "Pods-SocialLoginTest-SocialLoginTestUITests.release.xcconfig"; path = "Target Support Files/Pods-SocialLoginTest-SocialLoginTestUITests/Pods-SocialLoginTest-SocialLoginTestUITests.release.xcconfig"; sourceTree = "<group>"; };
		8FB4FAE0BA0A4C31A6D03BAE /* Pods-SocialLoginTest-SocialLoginTestUITests.debug.xcconfig */ = {isa = PBXFileReference; includeInIndex = 1; lastKnownFileType = text.xcconfig; name = "Pods-SocialLoginTest-SocialLoginTestUITests.debug.xcconfig"; path = "Target Support Files/Pods-SocialLoginTest-SocialLoginTestUITests/Pods-SocialLoginTest-SocialLoginTestUITests.debug.xcconfig"; sourceTree = "<group>"; };
		9A22D1AD53556C543BCF1AFB /* Pods-SocialLoginTestTests.release.xcconfig */ = {isa = PBXFileReference; includeInIndex = 1; lastKnownFileType = text.xcconfig; name = "Pods-SocialLoginTestTests.release.xcconfig"; path = "Target Support Files/Pods-SocialLoginTestTests/Pods-SocialLoginTestTests.release.xcconfig"; sourceTree = "<group>"; };
		A73FB15FAFED7A76E21FD660 /* Pods_SocialLoginTestTests.framework */ = {isa = PBXFileReference; explicitFileType = wrapper.framework; includeInIndex = 0; path = Pods_SocialLoginTestTests.framework; sourceTree = BUILT_PRODUCTS_DIR; };
		D301F29F20152848B0CE4E8D /* Pods-SocialLoginTestTests.debug.xcconfig */ = {isa = PBXFileReference; includeInIndex = 1; lastKnownFileType = text.xcconfig; name = "Pods-SocialLoginTestTests.debug.xcconfig"; path = "Target Support Files/Pods-SocialLoginTestTests/Pods-SocialLoginTestTests.debug.xcconfig"; sourceTree = "<group>"; };
		E8D85861344F84EB3B12EFCD /* Pods_SocialLoginTest_SocialLoginTestUITests.framework */ = {isa = PBXFileReference; explicitFileType = wrapper.framework; includeInIndex = 0; path = Pods_SocialLoginTest_SocialLoginTestUITests.framework; sourceTree = BUILT_PRODUCTS_DIR; };
/* End PBXFileReference section */

/* Begin PBXFrameworksBuildPhase section */
		6649C7B9271C526D0067DCC5 /* Frameworks */ = {
			isa = PBXFrameworksBuildPhase;
			buildActionMask = 2147483647;
			files = (
				ABC7272327B242008D1E7B90 /* Pods_SocialLoginTest.framework in Frameworks */,
			);
			runOnlyForDeploymentPostprocessing = 0;
		};
		6649C7D2271C52770067DCC5 /* Frameworks */ = {
			isa = PBXFrameworksBuildPhase;
			buildActionMask = 2147483647;
			files = (
				4F127DFEE8AEE872416F0C68 /* Pods_SocialLoginTestTests.framework in Frameworks */,
			);
			runOnlyForDeploymentPostprocessing = 0;
		};
		6649C7DD271C52770067DCC5 /* Frameworks */ = {
			isa = PBXFrameworksBuildPhase;
			buildActionMask = 2147483647;
			files = (
				C1876D1DC2A61BE374B48F1D /* Pods_SocialLoginTest_SocialLoginTestUITests.framework in Frameworks */,
			);
			runOnlyForDeploymentPostprocessing = 0;
		};
/* End PBXFrameworksBuildPhase section */

/* Begin PBXGroup section */
		4F58D5891F9F290DAE71EF14 /* Frameworks */ = {
			isa = PBXGroup;
			children = (
				4D704D71B5C0ED000BF5099C /* Pods_SocialLoginTest.framework */,
				E8D85861344F84EB3B12EFCD /* Pods_SocialLoginTest_SocialLoginTestUITests.framework */,
				A73FB15FAFED7A76E21FD660 /* Pods_SocialLoginTestTests.framework */,
			);
			name = Frameworks;
			sourceTree = "<group>";
		};
		531D8B7F717FEC82CE1B08C8 /* Pods */ = {
			isa = PBXGroup;
			children = (
				80E41D4929003358ED4AEDC6 /* Pods-SocialLoginTest.debug.xcconfig */,
				70003AE6C2F4F3AA1662A48E /* Pods-SocialLoginTest.release.xcconfig */,
				8FB4FAE0BA0A4C31A6D03BAE /* Pods-SocialLoginTest-SocialLoginTestUITests.debug.xcconfig */,
				8C8784840F278A68D34D8802 /* Pods-SocialLoginTest-SocialLoginTestUITests.release.xcconfig */,
				D301F29F20152848B0CE4E8D /* Pods-SocialLoginTestTests.debug.xcconfig */,
				9A22D1AD53556C543BCF1AFB /* Pods-SocialLoginTestTests.release.xcconfig */,
			);
			path = Pods;
			sourceTree = "<group>";
		};
		6649C7B3271C526D0067DCC5 = {
			isa = PBXGroup;
			children = (
				6649C7BE271C526D0067DCC5 /* SocialLoginTest */,
				6649C7D8271C52770067DCC5 /* SocialLoginTestTests */,
				6649C7E3271C52770067DCC5 /* SocialLoginTestUITests */,
				6649C7BD271C526D0067DCC5 /* Products */,
				531D8B7F717FEC82CE1B08C8 /* Pods */,
				4F58D5891F9F290DAE71EF14 /* Frameworks */,
			);
			sourceTree = "<group>";
		};
		6649C7BD271C526D0067DCC5 /* Products */ = {
			isa = PBXGroup;
			children = (
				6649C7BC271C526D0067DCC5 /* SocialLoginTest.app */,
				6649C7D5271C52770067DCC5 /* SocialLoginTestTests.xctest */,
				6649C7E0271C52770067DCC5 /* SocialLoginTestUITests.xctest */,
			);
			name = Products;
			sourceTree = "<group>";
		};
		6649C7BE271C526D0067DCC5 /* SocialLoginTest */ = {
			isa = PBXGroup;
			children = (
				6649C837272052970067DCC5 /* GoogleService-Info.plist */,
				6649C81D271F10310067DCC5 /* Service */,
				6649C817271D9A6B0067DCC5 /* Extension */,
				6649C7F5271C528F0067DCC5 /* VC */,
				6649C7BF271C526D0067DCC5 /* AppDelegate.swift */,
				6649C7C1271C526D0067DCC5 /* SceneDelegate.swift */,
				6649C7C5271C526D0067DCC5 /* Main.storyboard */,
				6649C7CB271C52770067DCC5 /* Assets.xcassets */,
				6649C7CD271C52770067DCC5 /* LaunchScreen.storyboard */,
				6649C7D0271C52770067DCC5 /* Info.plist */,
				6649C7C8271C526D0067DCC5 /* SocialLoginTest.xcdatamodeld */,
			);
			path = SocialLoginTest;
			sourceTree = "<group>";
		};
		6649C7D8271C52770067DCC5 /* SocialLoginTestTests */ = {
			isa = PBXGroup;
			children = (
				6649C7D9271C52770067DCC5 /* SocialLoginTestTests.swift */,
				6649C7DB271C52770067DCC5 /* Info.plist */,
			);
			path = SocialLoginTestTests;
			sourceTree = "<group>";
		};
		6649C7E3271C52770067DCC5 /* SocialLoginTestUITests */ = {
			isa = PBXGroup;
			children = (
				6649C7E4271C52770067DCC5 /* SocialLoginTestUITests.swift */,
				6649C7E6271C52770067DCC5 /* Info.plist */,
			);
			path = SocialLoginTestUITests;
			sourceTree = "<group>";
		};
		6649C7F5271C528F0067DCC5 /* VC */ = {
			isa = PBXGroup;
			children = (
				6649C7FF271C52C10067DCC5 /* MyViewController.swift */,
				6649C80A271D97820067DCC5 /* EmailLoginViewController.swift */,
				6649C80F271D978F0067DCC5 /* LoginSelectViewController.swift */,
			);
			path = VC;
			sourceTree = "<group>";
		};
		6649C817271D9A6B0067DCC5 /* Extension */ = {
			isa = PBXGroup;
			children = (
				6649C818271D9A7D0067DCC5 /* UIColor.swift */,
			);
			path = Extension;
			sourceTree = "<group>";
		};
		6649C81D271F10310067DCC5 /* Service */ = {
			isa = PBXGroup;
			children = (
				6649C82C271F11780067DCC5 /* LoginService.swift */,
				66F03A9F2721A46F00FC902E /* UserService.swift */,
			);
			path = Service;
			sourceTree = "<group>";
		};
/* End PBXGroup section */

/* Begin PBXNativeTarget section */
		6649C7BB271C526D0067DCC5 /* SocialLoginTest */ = {
			isa = PBXNativeTarget;
			buildConfigurationList = 6649C7E9271C52770067DCC5 /* Build configuration list for PBXNativeTarget "SocialLoginTest" */;
			buildPhases = (
				AC79A24A7BCA69591F0B0F79 /* [CP] Check Pods Manifest.lock */,
				6649C7B8271C526D0067DCC5 /* Sources */,
				6649C7B9271C526D0067DCC5 /* Frameworks */,
				6649C7BA271C526D0067DCC5 /* Resources */,
				08D5DF920D55178E6A128EBC /* [CP] Embed Pods Frameworks */,
				E5A89BA71D79A34CAED7496F /* [CP] Copy Pods Resources */,
			);
			buildRules = (
			);
			dependencies = (
			);
			name = SocialLoginTest;
			productName = SocialLoginTest;
			productReference = 6649C7BC271C526D0067DCC5 /* SocialLoginTest.app */;
			productType = "com.apple.product-type.application";
		};
		6649C7D4271C52770067DCC5 /* SocialLoginTestTests */ = {
			isa = PBXNativeTarget;
			buildConfigurationList = 6649C7EC271C52770067DCC5 /* Build configuration list for PBXNativeTarget "SocialLoginTestTests" */;
			buildPhases = (
				B792393A7D3E950B0A52A0D2 /* [CP] Check Pods Manifest.lock */,
				6649C7D1271C52770067DCC5 /* Sources */,
				6649C7D2271C52770067DCC5 /* Frameworks */,
				6649C7D3271C52770067DCC5 /* Resources */,
			);
			buildRules = (
			);
			dependencies = (
				6649C7D7271C52770067DCC5 /* PBXTargetDependency */,
			);
			name = SocialLoginTestTests;
			productName = SocialLoginTestTests;
			productReference = 6649C7D5271C52770067DCC5 /* SocialLoginTestTests.xctest */;
			productType = "com.apple.product-type.bundle.unit-test";
		};
		6649C7DF271C52770067DCC5 /* SocialLoginTestUITests */ = {
			isa = PBXNativeTarget;
			buildConfigurationList = 6649C7EF271C52770067DCC5 /* Build configuration list for PBXNativeTarget "SocialLoginTestUITests" */;
			buildPhases = (
				22D1FDADF386D2C6A2E365BB /* [CP] Check Pods Manifest.lock */,
				6649C7DC271C52770067DCC5 /* Sources */,
				6649C7DD271C52770067DCC5 /* Frameworks */,
				6649C7DE271C52770067DCC5 /* Resources */,
				B5EE5BAF91D04F54C2777D30 /* [CP] Embed Pods Frameworks */,
				7E1CDFEE28630974196CF009 /* [CP] Copy Pods Resources */,
			);
			buildRules = (
			);
			dependencies = (
				6649C7E2271C52770067DCC5 /* PBXTargetDependency */,
			);
			name = SocialLoginTestUITests;
			productName = SocialLoginTestUITests;
			productReference = 6649C7E0271C52770067DCC5 /* SocialLoginTestUITests.xctest */;
			productType = "com.apple.product-type.bundle.ui-testing";
		};
/* End PBXNativeTarget section */

/* Begin PBXProject section */
		6649C7B4271C526D0067DCC5 /* Project object */ = {
			isa = PBXProject;
			attributes = {
				LastSwiftUpdateCheck = 1210;
				LastUpgradeCheck = 1210;
				TargetAttributes = {
					6649C7BB271C526D0067DCC5 = {
						CreatedOnToolsVersion = 12.1;
					};
					6649C7D4271C52770067DCC5 = {
						CreatedOnToolsVersion = 12.1;
						TestTargetID = 6649C7BB271C526D0067DCC5;
					};
					6649C7DF271C52770067DCC5 = {
						CreatedOnToolsVersion = 12.1;
						TestTargetID = 6649C7BB271C526D0067DCC5;
					};
				};
			};
			buildConfigurationList = 6649C7B7271C526D0067DCC5 /* Build configuration list for PBXProject "SocialLoginTest" */;
			compatibilityVersion = "Xcode 9.3";
			developmentRegion = en;
			hasScannedForEncodings = 0;
			knownRegions = (
				en,
				Base,
			);
			mainGroup = 6649C7B3271C526D0067DCC5;
			productRefGroup = 6649C7BD271C526D0067DCC5 /* Products */;
			projectDirPath = "";
			projectRoot = "";
			targets = (
				6649C7BB271C526D0067DCC5 /* SocialLoginTest */,
				6649C7D4271C52770067DCC5 /* SocialLoginTestTests */,
				6649C7DF271C52770067DCC5 /* SocialLoginTestUITests */,
			);
		};
/* End PBXProject section */

/* Begin PBXResourcesBuildPhase section */
		6649C7BA271C526D0067DCC5 /* Resources */ = {
			isa = PBXResourcesBuildPhase;
			buildActionMask = 2147483647;
			files = (
				6649C7CF271C52770067DCC5 /* LaunchScreen.storyboard in Resources */,
				6649C838272052970067DCC5 /* GoogleService-Info.plist in Resources */,
				6649C7CC271C52770067DCC5 /* Assets.xcassets in Resources */,
				6649C7C7271C526D0067DCC5 /* Main.storyboard in Resources */,
			);
			runOnlyForDeploymentPostprocessing = 0;
		};
		6649C7D3271C52770067DCC5 /* Resources */ = {
			isa = PBXResourcesBuildPhase;
			buildActionMask = 2147483647;
			files = (
			);
			runOnlyForDeploymentPostprocessing = 0;
		};
		6649C7DE271C52770067DCC5 /* Resources */ = {
			isa = PBXResourcesBuildPhase;
			buildActionMask = 2147483647;
			files = (
			);
			runOnlyForDeploymentPostprocessing = 0;
		};
/* End PBXResourcesBuildPhase section */

/* Begin PBXShellScriptBuildPhase section */
		08D5DF920D55178E6A128EBC /* [CP] Embed Pods Frameworks */ = {
			isa = PBXShellScriptBuildPhase;
			buildActionMask = 2147483647;
			files = (
			);
			inputFileListPaths = (
				"${PODS_ROOT}/Target Support Files/Pods-SocialLoginTest/Pods-SocialLoginTest-frameworks-${CONFIGURATION}-input-files.xcfilelist",
			);
			name = "[CP] Embed Pods Frameworks";
			outputFileListPaths = (
				"${PODS_ROOT}/Target Support Files/Pods-SocialLoginTest/Pods-SocialLoginTest-frameworks-${CONFIGURATION}-output-files.xcfilelist",
			);
			runOnlyForDeploymentPostprocessing = 0;
			shellPath = /bin/sh;
			shellScript = "\"${PODS_ROOT}/Target Support Files/Pods-SocialLoginTest/Pods-SocialLoginTest-frameworks.sh\"\n";
			showEnvVarsInLog = 0;
		};
		22D1FDADF386D2C6A2E365BB /* [CP] Check Pods Manifest.lock */ = {
			isa = PBXShellScriptBuildPhase;
			buildActionMask = 2147483647;
			files = (
			);
			inputFileListPaths = (
			);
			inputPaths = (
				"${PODS_PODFILE_DIR_PATH}/Podfile.lock",
				"${PODS_ROOT}/Manifest.lock",
			);
			name = "[CP] Check Pods Manifest.lock";
			outputFileListPaths = (
			);
			outputPaths = (
				"$(DERIVED_FILE_DIR)/Pods-SocialLoginTest-SocialLoginTestUITests-checkManifestLockResult.txt",
			);
			runOnlyForDeploymentPostprocessing = 0;
			shellPath = /bin/sh;
			shellScript = "diff \"${PODS_PODFILE_DIR_PATH}/Podfile.lock\" \"${PODS_ROOT}/Manifest.lock\" > /dev/null\nif [ $? != 0 ] ; then\n    # print error to STDERR\n    echo \"error: The sandbox is not in sync with the Podfile.lock. Run 'pod install' or update your CocoaPods installation.\" >&2\n    exit 1\nfi\n# This output is used by Xcode 'outputs' to avoid re-running this script phase.\necho \"SUCCESS\" > \"${SCRIPT_OUTPUT_FILE_0}\"\n";
			showEnvVarsInLog = 0;
		};
		7E1CDFEE28630974196CF009 /* [CP] Copy Pods Resources */ = {
			isa = PBXShellScriptBuildPhase;
			buildActionMask = 2147483647;
			files = (
			);
			inputFileListPaths = (
				"${PODS_ROOT}/Target Support Files/Pods-SocialLoginTest-SocialLoginTestUITests/Pods-SocialLoginTest-SocialLoginTestUITests-resources-${CONFIGURATION}-input-files.xcfilelist",
			);
			name = "[CP] Copy Pods Resources";
			outputFileListPaths = (
				"${PODS_ROOT}/Target Support Files/Pods-SocialLoginTest-SocialLoginTestUITests/Pods-SocialLoginTest-SocialLoginTestUITests-resources-${CONFIGURATION}-output-files.xcfilelist",
			);
			runOnlyForDeploymentPostprocessing = 0;
			shellPath = /bin/sh;
			shellScript = "\"${PODS_ROOT}/Target Support Files/Pods-SocialLoginTest-SocialLoginTestUITests/Pods-SocialLoginTest-SocialLoginTestUITests-resources.sh\"\n";
			showEnvVarsInLog = 0;
		};
		AC79A24A7BCA69591F0B0F79 /* [CP] Check Pods Manifest.lock */ = {
			isa = PBXShellScriptBuildPhase;
			buildActionMask = 2147483647;
			files = (
			);
			inputFileListPaths = (
			);
			inputPaths = (
				"${PODS_PODFILE_DIR_PATH}/Podfile.lock",
				"${PODS_ROOT}/Manifest.lock",
			);
			name = "[CP] Check Pods Manifest.lock";
			outputFileListPaths = (
			);
			outputPaths = (
				"$(DERIVED_FILE_DIR)/Pods-SocialLoginTest-checkManifestLockResult.txt",
			);
			runOnlyForDeploymentPostprocessing = 0;
			shellPath = /bin/sh;
			shellScript = "diff \"${PODS_PODFILE_DIR_PATH}/Podfile.lock\" \"${PODS_ROOT}/Manifest.lock\" > /dev/null\nif [ $? != 0 ] ; then\n    # print error to STDERR\n    echo \"error: The sandbox is not in sync with the Podfile.lock. Run 'pod install' or update your CocoaPods installation.\" >&2\n    exit 1\nfi\n# This output is used by Xcode 'outputs' to avoid re-running this script phase.\necho \"SUCCESS\" > \"${SCRIPT_OUTPUT_FILE_0}\"\n";
			showEnvVarsInLog = 0;
		};
		B5EE5BAF91D04F54C2777D30 /* [CP] Embed Pods Frameworks */ = {
			isa = PBXShellScriptBuildPhase;
			buildActionMask = 2147483647;
			files = (
			);
			inputFileListPaths = (
				"${PODS_ROOT}/Target Support Files/Pods-SocialLoginTest-SocialLoginTestUITests/Pods-SocialLoginTest-SocialLoginTestUITests-frameworks-${CONFIGURATION}-input-files.xcfilelist",
			);
			name = "[CP] Embed Pods Frameworks";
			outputFileListPaths = (
				"${PODS_ROOT}/Target Support Files/Pods-SocialLoginTest-SocialLoginTestUITests/Pods-SocialLoginTest-SocialLoginTestUITests-frameworks-${CONFIGURATION}-output-files.xcfilelist",
			);
			runOnlyForDeploymentPostprocessing = 0;
			shellPath = /bin/sh;
			shellScript = "\"${PODS_ROOT}/Target Support Files/Pods-SocialLoginTest-SocialLoginTestUITests/Pods-SocialLoginTest-SocialLoginTestUITests-frameworks.sh\"\n";
			showEnvVarsInLog = 0;
		};
		B792393A7D3E950B0A52A0D2 /* [CP] Check Pods Manifest.lock */ = {
			isa = PBXShellScriptBuildPhase;
			buildActionMask = 2147483647;
			files = (
			);
			inputFileListPaths = (
			);
			inputPaths = (
				"${PODS_PODFILE_DIR_PATH}/Podfile.lock",
				"${PODS_ROOT}/Manifest.lock",
			);
			name = "[CP] Check Pods Manifest.lock";
			outputFileListPaths = (
			);
			outputPaths = (
				"$(DERIVED_FILE_DIR)/Pods-SocialLoginTestTests-checkManifestLockResult.txt",
			);
			runOnlyForDeploymentPostprocessing = 0;
			shellPath = /bin/sh;
			shellScript = "diff \"${PODS_PODFILE_DIR_PATH}/Podfile.lock\" \"${PODS_ROOT}/Manifest.lock\" > /dev/null\nif [ $? != 0 ] ; then\n    # print error to STDERR\n    echo \"error: The sandbox is not in sync with the Podfile.lock. Run 'pod install' or update your CocoaPods installation.\" >&2\n    exit 1\nfi\n# This output is used by Xcode 'outputs' to avoid re-running this script phase.\necho \"SUCCESS\" > \"${SCRIPT_OUTPUT_FILE_0}\"\n";
			showEnvVarsInLog = 0;
		};
		E5A89BA71D79A34CAED7496F /* [CP] Copy Pods Resources */ = {
			isa = PBXShellScriptBuildPhase;
			buildActionMask = 2147483647;
			files = (
			);
			inputFileListPaths = (
				"${PODS_ROOT}/Target Support Files/Pods-SocialLoginTest/Pods-SocialLoginTest-resources-${CONFIGURATION}-input-files.xcfilelist",
			);
			name = "[CP] Copy Pods Resources";
			outputFileListPaths = (
				"${PODS_ROOT}/Target Support Files/Pods-SocialLoginTest/Pods-SocialLoginTest-resources-${CONFIGURATION}-output-files.xcfilelist",
			);
			runOnlyForDeploymentPostprocessing = 0;
			shellPath = /bin/sh;
			shellScript = "\"${PODS_ROOT}/Target Support Files/Pods-SocialLoginTest/Pods-SocialLoginTest-resources.sh\"\n";
			showEnvVarsInLog = 0;
		};
/* End PBXShellScriptBuildPhase section */

/* Begin PBXSourcesBuildPhase section */
		6649C7B8271C526D0067DCC5 /* Sources */ = {
			isa = PBXSourcesBuildPhase;
			buildActionMask = 2147483647;
			files = (
				6649C810271D978F0067DCC5 /* LoginSelectViewController.swift in Sources */,
				6649C819271D9A7D0067DCC5 /* UIColor.swift in Sources */,
				6649C7CA271C526D0067DCC5 /* SocialLoginTest.xcdatamodeld in Sources */,
				66F03AA02721A46F00FC902E /* UserService.swift in Sources */,
				6649C7C0271C526D0067DCC5 /* AppDelegate.swift in Sources */,
				6649C800271C52C10067DCC5 /* MyViewController.swift in Sources */,
				6649C80B271D97820067DCC5 /* EmailLoginViewController.swift in Sources */,
				6649C7C2271C526D0067DCC5 /* SceneDelegate.swift in Sources */,
				6649C82D271F11780067DCC5 /* LoginService.swift in Sources */,
			);
			runOnlyForDeploymentPostprocessing = 0;
		};
		6649C7D1271C52770067DCC5 /* Sources */ = {
			isa = PBXSourcesBuildPhase;
			buildActionMask = 2147483647;
			files = (
				6649C7DA271C52770067DCC5 /* SocialLoginTestTests.swift in Sources */,
			);
			runOnlyForDeploymentPostprocessing = 0;
		};
		6649C7DC271C52770067DCC5 /* Sources */ = {
			isa = PBXSourcesBuildPhase;
			buildActionMask = 2147483647;
			files = (
				6649C7E5271C52770067DCC5 /* SocialLoginTestUITests.swift in Sources */,
			);
			runOnlyForDeploymentPostprocessing = 0;
		};
/* End PBXSourcesBuildPhase section */

/* Begin PBXTargetDependency section */
		6649C7D7271C52770067DCC5 /* PBXTargetDependency */ = {
			isa = PBXTargetDependency;
			target = 6649C7BB271C526D0067DCC5 /* SocialLoginTest */;
			targetProxy = 6649C7D6271C52770067DCC5 /* PBXContainerItemProxy */;
		};
		6649C7E2271C52770067DCC5 /* PBXTargetDependency */ = {
			isa = PBXTargetDependency;
			target = 6649C7BB271C526D0067DCC5 /* SocialLoginTest */;
			targetProxy = 6649C7E1271C52770067DCC5 /* PBXContainerItemProxy */;
		};
/* End PBXTargetDependency section */

/* Begin PBXVariantGroup section */
		6649C7C5271C526D0067DCC5 /* Main.storyboard */ = {
			isa = PBXVariantGroup;
			children = (
				6649C7C6271C526D0067DCC5 /* Base */,
			);
			name = Main.storyboard;
			sourceTree = "<group>";
		};
		6649C7CD271C52770067DCC5 /* LaunchScreen.storyboard */ = {
			isa = PBXVariantGroup;
			children = (
				6649C7CE271C52770067DCC5 /* Base */,
			);
			name = LaunchScreen.storyboard;
			sourceTree = "<group>";
		};
/* End PBXVariantGroup section */

/* Begin XCBuildConfiguration section */
		6649C7E7271C52770067DCC5 /* Debug */ = {
			isa = XCBuildConfiguration;
			buildSettings = {
				ALWAYS_SEARCH_USER_PATHS = NO;
				CLANG_ANALYZER_NONNULL = YES;
				CLANG_ANALYZER_NUMBER_OBJECT_CONVERSION = YES_AGGRESSIVE;
				CLANG_CXX_LANGUAGE_STANDARD = "gnu++14";
				CLANG_CXX_LIBRARY = "libc++";
				CLANG_ENABLE_MODULES = YES;
				CLANG_ENABLE_OBJC_ARC = YES;
				CLANG_ENABLE_OBJC_WEAK = YES;
				CLANG_WARN_BLOCK_CAPTURE_AUTORELEASING = YES;
				CLANG_WARN_BOOL_CONVERSION = YES;
				CLANG_WARN_COMMA = YES;
				CLANG_WARN_CONSTANT_CONVERSION = YES;
				CLANG_WARN_DEPRECATED_OBJC_IMPLEMENTATIONS = YES;
				CLANG_WARN_DIRECT_OBJC_ISA_USAGE = YES_ERROR;
				CLANG_WARN_DOCUMENTATION_COMMENTS = YES;
				CLANG_WARN_EMPTY_BODY = YES;
				CLANG_WARN_ENUM_CONVERSION = YES;
				CLANG_WARN_INFINITE_RECURSION = YES;
				CLANG_WARN_INT_CONVERSION = YES;
				CLANG_WARN_NON_LITERAL_NULL_CONVERSION = YES;
				CLANG_WARN_OBJC_IMPLICIT_RETAIN_SELF = YES;
				CLANG_WARN_OBJC_LITERAL_CONVERSION = YES;
				CLANG_WARN_OBJC_ROOT_CLASS = YES_ERROR;
				CLANG_WARN_QUOTED_INCLUDE_IN_FRAMEWORK_HEADER = YES;
				CLANG_WARN_RANGE_LOOP_ANALYSIS = YES;
				CLANG_WARN_STRICT_PROTOTYPES = YES;
				CLANG_WARN_SUSPICIOUS_MOVE = YES;
				CLANG_WARN_UNGUARDED_AVAILABILITY = YES_AGGRESSIVE;
				CLANG_WARN_UNREACHABLE_CODE = YES;
				CLANG_WARN__DUPLICATE_METHOD_MATCH = YES;
				COPY_PHASE_STRIP = NO;
				DEBUG_INFORMATION_FORMAT = dwarf;
				ENABLE_STRICT_OBJC_MSGSEND = YES;
				ENABLE_TESTABILITY = YES;
				GCC_C_LANGUAGE_STANDARD = gnu11;
				GCC_DYNAMIC_NO_PIC = NO;
				GCC_NO_COMMON_BLOCKS = YES;
				GCC_OPTIMIZATION_LEVEL = 0;
				GCC_PREPROCESSOR_DEFINITIONS = (
					"DEBUG=1",
					"$(inherited)",
				);
				GCC_WARN_64_TO_32_BIT_CONVERSION = YES;
				GCC_WARN_ABOUT_RETURN_TYPE = YES_ERROR;
				GCC_WARN_UNDECLARED_SELECTOR = YES;
				GCC_WARN_UNINITIALIZED_AUTOS = YES_AGGRESSIVE;
				GCC_WARN_UNUSED_FUNCTION = YES;
				GCC_WARN_UNUSED_VARIABLE = YES;
				IPHONEOS_DEPLOYMENT_TARGET = 14.1;
				MTL_ENABLE_DEBUG_INFO = INCLUDE_SOURCE;
				MTL_FAST_MATH = YES;
				ONLY_ACTIVE_ARCH = YES;
				SDKROOT = iphoneos;
				SWIFT_ACTIVE_COMPILATION_CONDITIONS = DEBUG;
				SWIFT_OPTIMIZATION_LEVEL = "-Onone";
			};
			name = Debug;
		};
		6649C7E8271C52770067DCC5 /* Release */ = {
			isa = XCBuildConfiguration;
			buildSettings = {
				ALWAYS_SEARCH_USER_PATHS = NO;
				CLANG_ANALYZER_NONNULL = YES;
				CLANG_ANALYZER_NUMBER_OBJECT_CONVERSION = YES_AGGRESSIVE;
				CLANG_CXX_LANGUAGE_STANDARD = "gnu++14";
				CLANG_CXX_LIBRARY = "libc++";
				CLANG_ENABLE_MODULES = YES;
				CLANG_ENABLE_OBJC_ARC = YES;
				CLANG_ENABLE_OBJC_WEAK = YES;
				CLANG_WARN_BLOCK_CAPTURE_AUTORELEASING = YES;
				CLANG_WARN_BOOL_CONVERSION = YES;
				CLANG_WARN_COMMA = YES;
				CLANG_WARN_CONSTANT_CONVERSION = YES;
				CLANG_WARN_DEPRECATED_OBJC_IMPLEMENTATIONS = YES;
				CLANG_WARN_DIRECT_OBJC_ISA_USAGE = YES_ERROR;
				CLANG_WARN_DOCUMENTATION_COMMENTS = YES;
				CLANG_WARN_EMPTY_BODY = YES;
				CLANG_WARN_ENUM_CONVERSION = YES;
				CLANG_WARN_INFINITE_RECURSION = YES;
				CLANG_WARN_INT_CONVERSION = YES;
				CLANG_WARN_NON_LITERAL_NULL_CONVERSION = YES;
				CLANG_WARN_OBJC_IMPLICIT_RETAIN_SELF = YES;
				CLANG_WARN_OBJC_LITERAL_CONVERSION = YES;
				CLANG_WARN_OBJC_ROOT_CLASS = YES_ERROR;
				CLANG_WARN_QUOTED_INCLUDE_IN_FRAMEWORK_HEADER = YES;
				CLANG_WARN_RANGE_LOOP_ANALYSIS = YES;
				CLANG_WARN_STRICT_PROTOTYPES = YES;
				CLANG_WARN_SUSPICIOUS_MOVE = YES;
				CLANG_WARN_UNGUARDED_AVAILABILITY = YES_AGGRESSIVE;
				CLANG_WARN_UNREACHABLE_CODE = YES;
				CLANG_WARN__DUPLICATE_METHOD_MATCH = YES;
				COPY_PHASE_STRIP = NO;
				DEBUG_INFORMATION_FORMAT = "dwarf-with-dsym";
				ENABLE_NS_ASSERTIONS = NO;
				ENABLE_STRICT_OBJC_MSGSEND = YES;
				GCC_C_LANGUAGE_STANDARD = gnu11;
				GCC_NO_COMMON_BLOCKS = YES;
				GCC_WARN_64_TO_32_BIT_CONVERSION = YES;
				GCC_WARN_ABOUT_RETURN_TYPE = YES_ERROR;
				GCC_WARN_UNDECLARED_SELECTOR = YES;
				GCC_WARN_UNINITIALIZED_AUTOS = YES_AGGRESSIVE;
				GCC_WARN_UNUSED_FUNCTION = YES;
				GCC_WARN_UNUSED_VARIABLE = YES;
				IPHONEOS_DEPLOYMENT_TARGET = 14.1;
				MTL_ENABLE_DEBUG_INFO = NO;
				MTL_FAST_MATH = YES;
				SDKROOT = iphoneos;
				SWIFT_COMPILATION_MODE = wholemodule;
				SWIFT_OPTIMIZATION_LEVEL = "-O";
				VALIDATE_PRODUCT = YES;
			};
			name = Release;
		};
		6649C7EA271C52770067DCC5 /* Debug */ = {
			isa = XCBuildConfiguration;
			baseConfigurationReference = 80E41D4929003358ED4AEDC6 /* Pods-SocialLoginTest.debug.xcconfig */;
			buildSettings = {
				ASSETCATALOG_COMPILER_APPICON_NAME = AppIcon;
				ASSETCATALOG_COMPILER_GLOBAL_ACCENT_COLOR_NAME = AccentColor;
				CODE_SIGN_STYLE = Automatic;
				DEVELOPMENT_TEAM = Y3L3GA8B9B;
				INFOPLIST_FILE = SocialLoginTest/Info.plist;
				LD_RUNPATH_SEARCH_PATHS = (
					"$(inherited)",
					"@executable_path/Frameworks",
				);
				PRODUCT_BUNDLE_IDENTIFIER = com.swift.social;
				PRODUCT_NAME = "$(TARGET_NAME)";
				SWIFT_VERSION = 5.0;
				TARGETED_DEVICE_FAMILY = "1,2";
			};
			name = Debug;
		};
		6649C7EB271C52770067DCC5 /* Release */ = {
			isa = XCBuildConfiguration;
			baseConfigurationReference = 70003AE6C2F4F3AA1662A48E /* Pods-SocialLoginTest.release.xcconfig */;
			buildSettings = {
				ASSETCATALOG_COMPILER_APPICON_NAME = AppIcon;
				ASSETCATALOG_COMPILER_GLOBAL_ACCENT_COLOR_NAME = AccentColor;
				CODE_SIGN_STYLE = Automatic;
				DEVELOPMENT_TEAM = Y3L3GA8B9B;
				INFOPLIST_FILE = SocialLoginTest/Info.plist;
				LD_RUNPATH_SEARCH_PATHS = (
					"$(inherited)",
					"@executable_path/Frameworks",
				);
				PRODUCT_BUNDLE_IDENTIFIER = com.swift.social;
				PRODUCT_NAME = "$(TARGET_NAME)";
				SWIFT_VERSION = 5.0;
				TARGETED_DEVICE_FAMILY = "1,2";
			};
			name = Release;
		};
		6649C7ED271C52770067DCC5 /* Debug */ = {
			isa = XCBuildConfiguration;
			baseConfigurationReference = D301F29F20152848B0CE4E8D /* Pods-SocialLoginTestTests.debug.xcconfig */;
			buildSettings = {
				ALWAYS_EMBED_SWIFT_STANDARD_LIBRARIES = YES;
				BUNDLE_LOADER = "$(TEST_HOST)";
				CODE_SIGN_STYLE = Automatic;
				DEVELOPMENT_TEAM = Y3L3GA8B9B;
				INFOPLIST_FILE = SocialLoginTestTests/Info.plist;
				IPHONEOS_DEPLOYMENT_TARGET = 14.1;
				LD_RUNPATH_SEARCH_PATHS = (
					"$(inherited)",
					"@executable_path/Frameworks",
					"@loader_path/Frameworks",
				);
				PRODUCT_BUNDLE_IDENTIFIER = com.swift.SocialLoginTestTests;
				PRODUCT_NAME = "$(TARGET_NAME)";
				SWIFT_VERSION = 5.0;
				TARGETED_DEVICE_FAMILY = "1,2";
				TEST_HOST = "$(BUILT_PRODUCTS_DIR)/SocialLoginTest.app/SocialLoginTest";
			};
			name = Debug;
		};
		6649C7EE271C52770067DCC5 /* Release */ = {
			isa = XCBuildConfiguration;
			baseConfigurationReference = 9A22D1AD53556C543BCF1AFB /* Pods-SocialLoginTestTests.release.xcconfig */;
			buildSettings = {
				ALWAYS_EMBED_SWIFT_STANDARD_LIBRARIES = YES;
				BUNDLE_LOADER = "$(TEST_HOST)";
				CODE_SIGN_STYLE = Automatic;
				DEVELOPMENT_TEAM = Y3L3GA8B9B;
				INFOPLIST_FILE = SocialLoginTestTests/Info.plist;
				IPHONEOS_DEPLOYMENT_TARGET = 14.1;
				LD_RUNPATH_SEARCH_PATHS = (
					"$(inherited)",
					"@executable_path/Frameworks",
					"@loader_path/Frameworks",
				);
				PRODUCT_BUNDLE_IDENTIFIER = com.swift.SocialLoginTestTests;
				PRODUCT_NAME = "$(TARGET_NAME)";
				SWIFT_VERSION = 5.0;
				TARGETED_DEVICE_FAMILY = "1,2";
				TEST_HOST = "$(BUILT_PRODUCTS_DIR)/SocialLoginTest.app/SocialLoginTest";
			};
			name = Release;
		};
		6649C7F0271C52770067DCC5 /* Debug */ = {
			isa = XCBuildConfiguration;
			baseConfigurationReference = 8FB4FAE0BA0A4C31A6D03BAE /* Pods-SocialLoginTest-SocialLoginTestUITests.debug.xcconfig */;
			buildSettings = {
				ALWAYS_EMBED_SWIFT_STANDARD_LIBRARIES = YES;
				CODE_SIGN_STYLE = Automatic;
				DEVELOPMENT_TEAM = Y3L3GA8B9B;
				INFOPLIST_FILE = SocialLoginTestUITests/Info.plist;
				LD_RUNPATH_SEARCH_PATHS = (
					"$(inherited)",
					"@executable_path/Frameworks",
					"@loader_path/Frameworks",
				);
				PRODUCT_BUNDLE_IDENTIFIER = com.swift.SocialLoginTestUITests;
				PRODUCT_NAME = "$(TARGET_NAME)";
				SWIFT_VERSION = 5.0;
				TARGETED_DEVICE_FAMILY = "1,2";
				TEST_TARGET_NAME = SocialLoginTest;
			};
			name = Debug;
		};
		6649C7F1271C52770067DCC5 /* Release */ = {
			isa = XCBuildConfiguration;
			baseConfigurationReference = 8C8784840F278A68D34D8802 /* Pods-SocialLoginTest-SocialLoginTestUITests.release.xcconfig */;
			buildSettings = {
				ALWAYS_EMBED_SWIFT_STANDARD_LIBRARIES = YES;
				CODE_SIGN_STYLE = Automatic;
				DEVELOPMENT_TEAM = Y3L3GA8B9B;
				INFOPLIST_FILE = SocialLoginTestUITests/Info.plist;
				LD_RUNPATH_SEARCH_PATHS = (
					"$(inherited)",
					"@executable_path/Frameworks",
					"@loader_path/Frameworks",
				);
				PRODUCT_BUNDLE_IDENTIFIER = com.swift.SocialLoginTestUITests;
				PRODUCT_NAME = "$(TARGET_NAME)";
				SWIFT_VERSION = 5.0;
				TARGETED_DEVICE_FAMILY = "1,2";
				TEST_TARGET_NAME = SocialLoginTest;
			};
			name = Release;
		};
/* End XCBuildConfiguration section */

/* Begin XCConfigurationList section */
		6649C7B7271C526D0067DCC5 /* Build configuration list for PBXProject "SocialLoginTest" */ = {
			isa = XCConfigurationList;
			buildConfigurations = (
				6649C7E7271C52770067DCC5 /* Debug */,
				6649C7E8271C52770067DCC5 /* Release */,
			);
			defaultConfigurationIsVisible = 0;
			defaultConfigurationName = Release;
		};
		6649C7E9271C52770067DCC5 /* Build configuration list for PBXNativeTarget "SocialLoginTest" */ = {
			isa = XCConfigurationList;
			buildConfigurations = (
				6649C7EA271C52770067DCC5 /* Debug */,
				6649C7EB271C52770067DCC5 /* Release */,
			);
			defaultConfigurationIsVisible = 0;
			defaultConfigurationName = Release;
		};
		6649C7EC271C52770067DCC5 /* Build configuration list for PBXNativeTarget "SocialLoginTestTests" */ = {
			isa = XCConfigurationList;
			buildConfigurations = (
				6649C7ED271C52770067DCC5 /* Debug */,
				6649C7EE271C52770067DCC5 /* Release */,
			);
			defaultConfigurationIsVisible = 0;
			defaultConfigurationName = Release;
		};
		6649C7EF271C52770067DCC5 /* Build configuration list for PBXNativeTarget "SocialLoginTestUITests" */ = {
			isa = XCConfigurationList;
			buildConfigurations = (
				6649C7F0271C52770067DCC5 /* Debug */,
				6649C7F1271C52770067DCC5 /* Release */,
			);
			defaultConfigurationIsVisible = 0;
			defaultConfigurationName = Release;
		};
/* End XCConfigurationList section */

/* Begin XCVersionGroup section */
		6649C7C8271C526D0067DCC5 /* SocialLoginTest.xcdatamodeld */ = {
			isa = XCVersionGroup;
			children = (
				6649C7C9271C526D0067DCC5 /* SocialLoginTest.xcdatamodel */,
			);
			currentVersion = 6649C7C9271C526D0067DCC5 /* SocialLoginTest.xcdatamodel */;
			path = SocialLoginTest.xcdatamodeld;
			sourceTree = "<group>";
			versionGroupType = wrapper.xcdatamodel;
		};
/* End XCVersionGroup section */
	};
	rootObject = 6649C7B4271C526D0067DCC5 /* Project object */;
}
